
Microsoft Visual Studio Solution File, Format Version 12.00
# Visual Studio Version 17
VisualStudioVersion = 17.1.32414.318
MinimumVisualStudioVersion = 10.0.40219.1
Project("{FAE04EC0-301F-11D3-BF4B-00C04F79EFBC}") = "Boolean_Calculator_Kata", "Boolean_Calculator_Kata\Boolean_Calculator_Kata.csproj", "{8E3DE803-9CFF-4BF0-BEAC-597EED5E45D0}"
EndProject
Project("{FAE04EC0-301F-11D3-BF4B-00C04F79EFBC}") = "Boolean_Calculator_Kata_Tests", "Boolean_Calculator_Kata_Tests\Boolean_Calculator_Kata_Tests.csproj", "{67D7BD06-1F54-4464-B7CC-2DA46FCC8EC8}"
EndProject
Global
	GlobalSection(SolutionConfigurationPlatforms) = preSolution
		Debug|Any CPU = Debug|Any CPU
		Release|Any CPU = Release|Any CPU
	EndGlobalSection
	GlobalSection(ProjectConfigurationPlatforms) = postSolution
		{8E3DE803-9CFF-4BF0-BEAC-597EED5E45D0}.Debug|Any CPU.ActiveCfg = Debug|Any CPU
		{8E3DE803-9CFF-4BF0-BEAC-597EED5E45D0}.Debug|Any CPU.Build.0 = Debug|Any CPU
		{8E3DE803-9CFF-4BF0-BEAC-597EED5E45D0}.Release|Any CPU.ActiveCfg = Release|Any CPU
		{8E3DE803-9CFF-4BF0-BEAC-597EED5E45D0}.Release|Any CPU.Build.0 = Release|Any CPU
		{67D7BD06-1F54-4464-B7CC-2DA46FCC8EC8}.Debug|Any CPU.ActiveCfg = Debug|Any CPU
		{67D7BD06-1F54-4464-B7CC-2DA46FCC8EC8}.Debug|Any CPU.Build.0 = Debug|Any CPU
		{67D7BD06-1F54-4464-B7CC-2DA46FCC8EC8}.Release|Any CPU.ActiveCfg = Release|Any CPU
		{67D7BD06-1F54-4464-B7CC-2DA46FCC8EC8}.Release|Any CPU.Build.0 = Release|Any CPU
	EndGlobalSection
	GlobalSection(SolutionProperties) = preSolution
		HideSolutionNode = FALSE
	EndGlobalSection
	GlobalSection(ExtensibilityGlobals) = postSolution
		SolutionGuid = {4C889D7C-C29D-4423-85DA-B2707422F87E}
	EndGlobalSection
EndGlobal
